
Microsoft Visual Studio Solution File, Format Version 12.00
# Visual Studio 15
VisualStudioVersion = 15.0.26124.0
MinimumVisualStudioVersion = 15.0.26124.0
Project("{FAE04EC0-301F-11D3-BF4B-00C04F79EFBC}") = "Domain", "Domain\Domain.csproj", "{C69D3782-F9A5-4F6A-955A-9D6F46E9C6FD}"
EndProject
Project("{FAE04EC0-301F-11D3-BF4B-00C04F79EFBC}") = "Application", "Application\Application.csproj", "{30381ADF-C7F1-4FE0-AA7A-B578BA2C2A8B}"
EndProject
Project("{FAE04EC0-301F-11D3-BF4B-00C04F79EFBC}") = "Persistence", "Persistence\Persistence.csproj", "{3828596A-3768-40F1-A24F-A02ED3B179DF}"
EndProject
Project("{FAE04EC0-301F-11D3-BF4B-00C04F79EFBC}") = "API", "API\API.csproj", "{6571AC07-D76A-40E9-80C3-FCCD045DE510}"
EndProject
Global
	GlobalSection(SolutionConfigurationPlatforms) = preSolution
		Debug|Any CPU = Debug|Any CPU
		Debug|x64 = Debug|x64
		Debug|x86 = Debug|x86
		Release|Any CPU = Release|Any CPU
		Release|x64 = Release|x64
		Release|x86 = Release|x86
	EndGlobalSection
	GlobalSection(SolutionProperties) = preSolution
		HideSolutionNode = FALSE
	EndGlobalSection
	GlobalSection(ProjectConfigurationPlatforms) = postSolution
		{C69D3782-F9A5-4F6A-955A-9D6F46E9C6FD}.Debug|Any CPU.ActiveCfg = Debug|Any CPU
		{C69D3782-F9A5-4F6A-955A-9D6F46E9C6FD}.Debug|Any CPU.Build.0 = Debug|Any CPU
		{C69D3782-F9A5-4F6A-955A-9D6F46E9C6FD}.Debug|x64.ActiveCfg = Debug|Any CPU
		{C69D3782-F9A5-4F6A-955A-9D6F46E9C6FD}.Debug|x64.Build.0 = Debug|Any CPU
		{C69D3782-F9A5-4F6A-955A-9D6F46E9C6FD}.Debug|x86.ActiveCfg = Debug|Any CPU
		{C69D3782-F9A5-4F6A-955A-9D6F46E9C6FD}.Debug|x86.Build.0 = Debug|Any CPU
		{C69D3782-F9A5-4F6A-955A-9D6F46E9C6FD}.Release|Any CPU.ActiveCfg = Release|Any CPU
		{C69D3782-F9A5-4F6A-955A-9D6F46E9C6FD}.Release|Any CPU.Build.0 = Release|Any CPU
		{C69D3782-F9A5-4F6A-955A-9D6F46E9C6FD}.Release|x64.ActiveCfg = Release|Any CPU
		{C69D3782-F9A5-4F6A-955A-9D6F46E9C6FD}.Release|x64.Build.0 = Release|Any CPU
		{C69D3782-F9A5-4F6A-955A-9D6F46E9C6FD}.Release|x86.ActiveCfg = Release|Any CPU
		{C69D3782-F9A5-4F6A-955A-9D6F46E9C6FD}.Release|x86.Build.0 = Release|Any CPU
		{30381ADF-C7F1-4FE0-AA7A-B578BA2C2A8B}.Debug|Any CPU.ActiveCfg = Debug|Any CPU
		{30381ADF-C7F1-4FE0-AA7A-B578BA2C2A8B}.Debug|Any CPU.Build.0 = Debug|Any CPU
		{30381ADF-C7F1-4FE0-AA7A-B578BA2C2A8B}.Debug|x64.ActiveCfg = Debug|Any CPU
		{30381ADF-C7F1-4FE0-AA7A-B578BA2C2A8B}.Debug|x64.Build.0 = Debug|Any CPU
		{30381ADF-C7F1-4FE0-AA7A-B578BA2C2A8B}.Debug|x86.ActiveCfg = Debug|Any CPU
		{30381ADF-C7F1-4FE0-AA7A-B578BA2C2A8B}.Debug|x86.Build.0 = Debug|Any CPU
		{30381ADF-C7F1-4FE0-AA7A-B578BA2C2A8B}.Release|Any CPU.ActiveCfg = Release|Any CPU
		{30381ADF-C7F1-4FE0-AA7A-B578BA2C2A8B}.Release|Any CPU.Build.0 = Release|Any CPU
		{30381ADF-C7F1-4FE0-AA7A-B578BA2C2A8B}.Release|x64.ActiveCfg = Release|Any CPU
		{30381ADF-C7F1-4FE0-AA7A-B578BA2C2A8B}.Release|x64.Build.0 = Release|Any CPU
		{30381ADF-C7F1-4FE0-AA7A-B578BA2C2A8B}.Release|x86.ActiveCfg = Release|Any CPU
		{30381ADF-C7F1-4FE0-AA7A-B578BA2C2A8B}.Release|x86.Build.0 = Release|Any CPU
		{3828596A-3768-40F1-A24F-A02ED3B179DF}.Debug|Any CPU.ActiveCfg = Debug|Any CPU
		{3828596A-3768-40F1-A24F-A02ED3B179DF}.Debug|Any CPU.Build.0 = Debug|Any CPU
		{3828596A-3768-40F1-A24F-A02ED3B179DF}.Debug|x64.ActiveCfg = Debug|Any CPU
		{3828596A-3768-40F1-A24F-A02ED3B179DF}.Debug|x64.Build.0 = Debug|Any CPU
		{3828596A-3768-40F1-A24F-A02ED3B179DF}.Debug|x86.ActiveCfg = Debug|Any CPU
		{3828596A-3768-40F1-A24F-A02ED3B179DF}.Debug|x86.Build.0 = Debug|Any CPU
		{3828596A-3768-40F1-A24F-A02ED3B179DF}.Release|Any CPU.ActiveCfg = Release|Any CPU
		{3828596A-3768-40F1-A24F-A02ED3B179DF}.Release|Any CPU.Build.0 = Release|Any CPU
		{3828596A-3768-40F1-A24F-A02ED3B179DF}.Release|x64.ActiveCfg = Release|Any CPU
		{3828596A-3768-40F1-A24F-A02ED3B179DF}.Release|x64.Build.0 = Release|Any CPU
		{3828596A-3768-40F1-A24F-A02ED3B179DF}.Release|x86.ActiveCfg = Release|Any CPU
		{3828596A-3768-40F1-A24F-A02ED3B179DF}.Release|x86.Build.0 = Release|Any CPU
		{6571AC07-D76A-40E9-80C3-FCCD045DE510}.Debug|Any CPU.ActiveCfg = Debug|Any CPU
		{6571AC07-D76A-40E9-80C3-FCCD045DE510}.Debug|Any CPU.Build.0 = Debug|Any CPU
		{6571AC07-D76A-40E9-80C3-FCCD045DE510}.Debug|x64.ActiveCfg = Debug|Any CPU
		{6571AC07-D76A-40E9-80C3-FCCD045DE510}.Debug|x64.Build.0 = Debug|Any CPU
		{6571AC07-D76A-40E9-80C3-FCCD045DE510}.Debug|x86.ActiveCfg = Debug|Any CPU
		{6571AC07-D76A-40E9-80C3-FCCD045DE510}.Debug|x86.Build.0 = Debug|Any CPU
		{6571AC07-D76A-40E9-80C3-FCCD045DE510}.Release|Any CPU.ActiveCfg = Release|Any CPU
		{6571AC07-D76A-40E9-80C3-FCCD045DE510}.Release|Any CPU.Build.0 = Release|Any CPU
		{6571AC07-D76A-40E9-80C3-FCCD045DE510}.Release|x64.ActiveCfg = Release|Any CPU
		{6571AC07-D76A-40E9-80C3-FCCD045DE510}.Release|x64.Build.0 = Release|Any CPU
		{6571AC07-D76A-40E9-80C3-FCCD045DE510}.Release|x86.ActiveCfg = Release|Any CPU
		{6571AC07-D76A-40E9-80C3-FCCD045DE510}.Release|x86.Build.0 = Release|Any CPU
	EndGlobalSection
EndGlobal
